
Microsoft Visual Studio Solution File, Format Version 12.00
Project("{2150E333-8FDC-42A3-9474-1A3956D46DE8}") = "src", "src", "{5AEFD8BE-FECE-4776-960F-DE8DF6B6F35E}"
EndProject
Project("{FAE04EC0-301F-11D3-BF4B-00C04F79EFBC}") = "Sellow.Bootstrapper", "src\Sellow.Bootstrapper\Sellow.Bootstrapper.csproj", "{FC12DEBE-11A6-4140-BD79-3759695EC340}"
EndProject
Global
	GlobalSection(SolutionConfigurationPlatforms) = preSolution
		Debug|Any CPU = Debug|Any CPU
		Release|Any CPU = Release|Any CPU
	EndGlobalSection
	GlobalSection(NestedProjects) = preSolution
		{FC12DEBE-11A6-4140-BD79-3759695EC340} = {5AEFD8BE-FECE-4776-960F-DE8DF6B6F35E}
	EndGlobalSection
	GlobalSection(ProjectConfigurationPlatforms) = postSolution
		{FC12DEBE-11A6-4140-BD79-3759695EC340}.Debug|Any CPU.ActiveCfg = Debug|Any CPU
		{FC12DEBE-11A6-4140-BD79-3759695EC340}.Debug|Any CPU.Build.0 = Debug|Any CPU
		{FC12DEBE-11A6-4140-BD79-3759695EC340}.Release|Any CPU.ActiveCfg = Release|Any CPU
		{FC12DEBE-11A6-4140-BD79-3759695EC340}.Release|Any CPU.Build.0 = Release|Any CPU
	EndGlobalSection
EndGlobal
