
Microsoft Visual Studio Solution File, Format Version 12.00
Project("{2150E333-8FDC-42A3-9474-1A3956D46DE8}") = "src", "src", "{5AEFD8BE-FECE-4776-960F-DE8DF6B6F35E}"
EndProject
Project("{FAE04EC0-301F-11D3-BF4B-00C04F79EFBC}") = "Sellow.Bootstrapper", "src\Sellow.Bootstrapper\Sellow.Bootstrapper.csproj", "{FC12DEBE-11A6-4140-BD79-3759695EC340}"
EndProject
Project("{2150E333-8FDC-42A3-9474-1A3956D46DE8}") = "Shared", "Shared", "{31CD9E6A-F2B8-4F48-A4EF-7A2A4CC645A6}"
EndProject
Project("{FAE04EC0-301F-11D3-BF4B-00C04F79EFBC}") = "Sellow.Modules.Shared.Abstractions", "src\Shared\Sellow.Modules.Shared.Abstractions\Sellow.Modules.Shared.Abstractions.csproj", "{F5FF20B9-AA81-4C8F-A78B-0821BA64BE6E}"
EndProject
Project("{FAE04EC0-301F-11D3-BF4B-00C04F79EFBC}") = "Sellow.Modules.Shared.Infrastructure", "src\Shared\Sellow.Modules.Shared.Infrastructure\Sellow.Modules.Shared.Infrastructure.csproj", "{EB00F1A9-20D5-493D-BEAA-D072590B76DA}"
EndProject
Project("{2150E333-8FDC-42A3-9474-1A3956D46DE8}") = "Modules", "Modules", "{28442D44-24AB-43B1-95F1-6C41393EEC29}"
EndProject
Project("{2150E333-8FDC-42A3-9474-1A3956D46DE8}") = "Auth", "Auth", "{F28E8723-00BF-411C-AB11-D4FB4FC7C002}"
EndProject
Project("{FAE04EC0-301F-11D3-BF4B-00C04F79EFBC}") = "Sellow.Modules.Auth.Core", "src\Modules\Auth\Sellow.Modules.Auth.Core\Sellow.Modules.Auth.Core.csproj", "{E443CDE8-3067-4F68-85D4-C9F37ED27EB5}"
EndProject
Project("{FAE04EC0-301F-11D3-BF4B-00C04F79EFBC}") = "Sellow.Modules.Shared.Abstractions.Tests.Unit", "src\Shared\Sellow.Modules.Shared.Abstractions.Tests.Unit\Sellow.Modules.Shared.Abstractions.Tests.Unit.csproj", "{E55EA7A2-9B05-4F40-A57E-4C006E7C51E1}"
EndProject
Project("{FAE04EC0-301F-11D3-BF4B-00C04F79EFBC}") = "Sellow.Modules.Auth.IntegrationEvents", "src\Modules\Auth\Sellow.Modules.Auth.IntegrationEvents\Sellow.Modules.Auth.IntegrationEvents.csproj", "{A279F897-8FA2-457E-8823-171AF0A4C0CF}"
EndProject
Project("{FAE04EC0-301F-11D3-BF4B-00C04F79EFBC}") = "Sellow.Modules.Auth.Api", "src\Modules\Auth\Sellow.Modules.Auth.Api\Sellow.Modules.Auth.Api.csproj", "{9DED439F-9FB1-49E5-928C-4148B7D31963}"
EndProject
Global
	GlobalSection(SolutionConfigurationPlatforms) = preSolution
		Debug|Any CPU = Debug|Any CPU
		Release|Any CPU = Release|Any CPU
	EndGlobalSection
	GlobalSection(NestedProjects) = preSolution
		{FC12DEBE-11A6-4140-BD79-3759695EC340} = {5AEFD8BE-FECE-4776-960F-DE8DF6B6F35E}
		{31CD9E6A-F2B8-4F48-A4EF-7A2A4CC645A6} = {5AEFD8BE-FECE-4776-960F-DE8DF6B6F35E}
		{F5FF20B9-AA81-4C8F-A78B-0821BA64BE6E} = {31CD9E6A-F2B8-4F48-A4EF-7A2A4CC645A6}
		{EB00F1A9-20D5-493D-BEAA-D072590B76DA} = {31CD9E6A-F2B8-4F48-A4EF-7A2A4CC645A6}
		{28442D44-24AB-43B1-95F1-6C41393EEC29} = {5AEFD8BE-FECE-4776-960F-DE8DF6B6F35E}
		{F28E8723-00BF-411C-AB11-D4FB4FC7C002} = {28442D44-24AB-43B1-95F1-6C41393EEC29}
		{E443CDE8-3067-4F68-85D4-C9F37ED27EB5} = {F28E8723-00BF-411C-AB11-D4FB4FC7C002}
		{E55EA7A2-9B05-4F40-A57E-4C006E7C51E1} = {31CD9E6A-F2B8-4F48-A4EF-7A2A4CC645A6}
		{A279F897-8FA2-457E-8823-171AF0A4C0CF} = {F28E8723-00BF-411C-AB11-D4FB4FC7C002}
		{9DED439F-9FB1-49E5-928C-4148B7D31963} = {F28E8723-00BF-411C-AB11-D4FB4FC7C002}
	EndGlobalSection
	GlobalSection(ProjectConfigurationPlatforms) = postSolution
		{FC12DEBE-11A6-4140-BD79-3759695EC340}.Debug|Any CPU.ActiveCfg = Debug|Any CPU
		{FC12DEBE-11A6-4140-BD79-3759695EC340}.Debug|Any CPU.Build.0 = Debug|Any CPU
		{FC12DEBE-11A6-4140-BD79-3759695EC340}.Release|Any CPU.ActiveCfg = Release|Any CPU
		{FC12DEBE-11A6-4140-BD79-3759695EC340}.Release|Any CPU.Build.0 = Release|Any CPU
		{F5FF20B9-AA81-4C8F-A78B-0821BA64BE6E}.Debug|Any CPU.ActiveCfg = Debug|Any CPU
		{F5FF20B9-AA81-4C8F-A78B-0821BA64BE6E}.Debug|Any CPU.Build.0 = Debug|Any CPU
		{F5FF20B9-AA81-4C8F-A78B-0821BA64BE6E}.Release|Any CPU.ActiveCfg = Release|Any CPU
		{F5FF20B9-AA81-4C8F-A78B-0821BA64BE6E}.Release|Any CPU.Build.0 = Release|Any CPU
		{EB00F1A9-20D5-493D-BEAA-D072590B76DA}.Debug|Any CPU.ActiveCfg = Debug|Any CPU
		{EB00F1A9-20D5-493D-BEAA-D072590B76DA}.Debug|Any CPU.Build.0 = Debug|Any CPU
		{EB00F1A9-20D5-493D-BEAA-D072590B76DA}.Release|Any CPU.ActiveCfg = Release|Any CPU
		{EB00F1A9-20D5-493D-BEAA-D072590B76DA}.Release|Any CPU.Build.0 = Release|Any CPU
		{E443CDE8-3067-4F68-85D4-C9F37ED27EB5}.Debug|Any CPU.ActiveCfg = Debug|Any CPU
		{E443CDE8-3067-4F68-85D4-C9F37ED27EB5}.Debug|Any CPU.Build.0 = Debug|Any CPU
		{E443CDE8-3067-4F68-85D4-C9F37ED27EB5}.Release|Any CPU.ActiveCfg = Release|Any CPU
		{E443CDE8-3067-4F68-85D4-C9F37ED27EB5}.Release|Any CPU.Build.0 = Release|Any CPU
		{E55EA7A2-9B05-4F40-A57E-4C006E7C51E1}.Debug|Any CPU.ActiveCfg = Debug|Any CPU
		{E55EA7A2-9B05-4F40-A57E-4C006E7C51E1}.Debug|Any CPU.Build.0 = Debug|Any CPU
		{E55EA7A2-9B05-4F40-A57E-4C006E7C51E1}.Release|Any CPU.ActiveCfg = Release|Any CPU
		{E55EA7A2-9B05-4F40-A57E-4C006E7C51E1}.Release|Any CPU.Build.0 = Release|Any CPU
		{A279F897-8FA2-457E-8823-171AF0A4C0CF}.Debug|Any CPU.ActiveCfg = Debug|Any CPU
		{A279F897-8FA2-457E-8823-171AF0A4C0CF}.Debug|Any CPU.Build.0 = Debug|Any CPU
		{A279F897-8FA2-457E-8823-171AF0A4C0CF}.Release|Any CPU.ActiveCfg = Release|Any CPU
		{A279F897-8FA2-457E-8823-171AF0A4C0CF}.Release|Any CPU.Build.0 = Release|Any CPU
		{9DED439F-9FB1-49E5-928C-4148B7D31963}.Debug|Any CPU.ActiveCfg = Debug|Any CPU
		{9DED439F-9FB1-49E5-928C-4148B7D31963}.Debug|Any CPU.Build.0 = Debug|Any CPU
		{9DED439F-9FB1-49E5-928C-4148B7D31963}.Release|Any CPU.ActiveCfg = Release|Any CPU
		{9DED439F-9FB1-49E5-928C-4148B7D31963}.Release|Any CPU.Build.0 = Release|Any CPU
	EndGlobalSection
EndGlobal
